
Microsoft Visual Studio Solution File, Format Version 12.00
# Visual Studio Version 16
VisualStudioVersion = 16.0.30011.22
MinimumVisualStudioVersion = 10.0.40219.1
Project("{9A19103F-16F7-4668-BE54-9A1E7A4F7556}") = "SmartEE.WeatherForecast.Service", "SmartEE.WeatherForecast.Service\SmartEE.WeatherForecast.Service.csproj", "{44AB565E-6CE6-4E47-8D55-236CE8F318F4}"
EndProject
Project("{9A19103F-16F7-4668-BE54-9A1E7A4F7556}") = "SmartEE.WeatherForecast.ConsoleApp", "SmartEE.WeatherForecast.ConsoleApp\SmartEE.WeatherForecast.ConsoleApp.csproj", "{5CA1AC9A-C7E0-4A2E-85DF-7DE3B54C7A4B}"
EndProject
Project("{FAE04EC0-301F-11D3-BF4B-00C04F79EFBC}") = "SmartEE.WeatherForecast.Common", "SmartEE.WeatherForecast.Common\SmartEE.WeatherForecast.Common.csproj", "{A3070493-AF24-4DE5-87EE-DD2B775A25F7}"
EndProject
Global
	GlobalSection(SolutionConfigurationPlatforms) = preSolution
		Debug|Any CPU = Debug|Any CPU
		Release|Any CPU = Release|Any CPU
	EndGlobalSection
	GlobalSection(ProjectConfigurationPlatforms) = postSolution
		{44AB565E-6CE6-4E47-8D55-236CE8F318F4}.Debug|Any CPU.ActiveCfg = Debug|Any CPU
		{44AB565E-6CE6-4E47-8D55-236CE8F318F4}.Debug|Any CPU.Build.0 = Debug|Any CPU
		{44AB565E-6CE6-4E47-8D55-236CE8F318F4}.Release|Any CPU.ActiveCfg = Release|Any CPU
		{44AB565E-6CE6-4E47-8D55-236CE8F318F4}.Release|Any CPU.Build.0 = Release|Any CPU
		{5CA1AC9A-C7E0-4A2E-85DF-7DE3B54C7A4B}.Debug|Any CPU.ActiveCfg = Debug|Any CPU
		{5CA1AC9A-C7E0-4A2E-85DF-7DE3B54C7A4B}.Debug|Any CPU.Build.0 = Debug|Any CPU
		{5CA1AC9A-C7E0-4A2E-85DF-7DE3B54C7A4B}.Release|Any CPU.ActiveCfg = Release|Any CPU
		{5CA1AC9A-C7E0-4A2E-85DF-7DE3B54C7A4B}.Release|Any CPU.Build.0 = Release|Any CPU
		{A3070493-AF24-4DE5-87EE-DD2B775A25F7}.Debug|Any CPU.ActiveCfg = Debug|Any CPU
		{A3070493-AF24-4DE5-87EE-DD2B775A25F7}.Debug|Any CPU.Build.0 = Debug|Any CPU
		{A3070493-AF24-4DE5-87EE-DD2B775A25F7}.Release|Any CPU.ActiveCfg = Release|Any CPU
		{A3070493-AF24-4DE5-87EE-DD2B775A25F7}.Release|Any CPU.Build.0 = Release|Any CPU
	EndGlobalSection
	GlobalSection(SolutionProperties) = preSolution
		HideSolutionNode = FALSE
	EndGlobalSection
	GlobalSection(ExtensibilityGlobals) = postSolution
		SolutionGuid = {D908E274-0AB7-4E74-83E4-193E0F537812}
	EndGlobalSection
EndGlobal
